// !$*UTF8*$!
{
	archiveVersion = 1;
	classes = {
	};
	objectVersion = 52;
	objects = {

/* Begin PBXBuildFile section */
		B701FFCA24B21EC800207606 /* TagebuchEntwicklung.swift in Sources */ = {isa = PBXBuildFile; fileRef = B701FFC924B21EC800207606 /* TagebuchEntwicklung.swift */; };
		B701FFCC24B25FA600207606 /* ChallengeData.swift in Sources */ = {isa = PBXBuildFile; fileRef = B701FFCB24B25FA600207606 /* ChallengeData.swift */; };
		B701FFCE24B2607700207606 /* ChallengeDataStore.swift in Sources */ = {isa = PBXBuildFile; fileRef = B701FFCD24B2607700207606 /* ChallengeDataStore.swift */; };
		B701FFD124B2612C00207606 /* ChallengeCardList.swift in Sources */ = {isa = PBXBuildFile; fileRef = B701FFD024B2612C00207606 /* ChallengeCardList.swift */; };
		B701FFD324B2620C00207606 /* ChallengeCard.swift in Sources */ = {isa = PBXBuildFile; fileRef = B701FFD224B2620C00207606 /* ChallengeCard.swift */; };
		B7024FA825309FA600DC37B8 /* RateFactView.swift in Sources */ = {isa = PBXBuildFile; fileRef = B7024FA725309FA600DC37B8 /* RateFactView.swift */; };
		B70BF79F2487EA8000B4C911 /* ProfilView.swift in Sources */ = {isa = PBXBuildFile; fileRef = B70BF79E2487EA8000B4C911 /* ProfilView.swift */; };
		B70BF7A12487EAC200B4C911 /* TagebuchView.swift in Sources */ = {isa = PBXBuildFile; fileRef = B70BF7A02487EAC200B4C911 /* TagebuchView.swift */; };
		B71158742523B51500E6B5B7 /* KeyboardResponderIOS14.swift in Sources */ = {isa = PBXBuildFile; fileRef = B71158732523B51300E6B5B7 /* KeyboardResponderIOS14.swift */; };
		B712CD14248973CD00A883A1 /* SwiftUIPager in Frameworks */ = {isa = PBXBuildFile; productRef = B712CD13248973CD00A883A1 /* SwiftUIPager */; };
		B722BE60257D89E4001C66AE /* HostingTableViewCell.swift in Sources */ = {isa = PBXBuildFile; fileRef = B722BE5F257D89E4001C66AE /* HostingTableViewCell.swift */; };
		B722BE65257EA674001C66AE /* TestTippCard.swift in Sources */ = {isa = PBXBuildFile; fileRef = B722BE64257EA674001C66AE /* TestTippCard.swift */; };
		B725218A248FDF9C00C43507 /* TippCardList.swift in Sources */ = {isa = PBXBuildFile; fileRef = B7252189248FDF9C00C43507 /* TippCardList.swift */; };
		B7301FE125387BC10017C5F2 /* SourceTextView.swift in Sources */ = {isa = PBXBuildFile; fileRef = B7301FE025387BC10017C5F2 /* SourceTextView.swift */; };
		B74727C124B268B300775E16 /* ProfilChallengeView.swift in Sources */ = {isa = PBXBuildFile; fileRef = B74727C024B268B300775E16 /* ProfilChallengeView.swift */; };
		B747581C251E26D400E7131B /* AddTagebuchView.swift in Sources */ = {isa = PBXBuildFile; fileRef = B747581B251E26D300E7131B /* AddTagebuchView.swift */; };
		B7481A39248AC9B900C4CCF1 /* AddTippView.swift in Sources */ = {isa = PBXBuildFile; fileRef = B7481A38248AC9B900C4CCF1 /* AddTippView.swift */; };
		B7494059248CF9E700933A37 /* AddTippCard2.swift in Sources */ = {isa = PBXBuildFile; fileRef = B7494058248CF9E700933A37 /* AddTippCard2.swift */; };
		B7504ED52518BA4700038559 /* StartTutorialView.swift in Sources */ = {isa = PBXBuildFile; fileRef = B7504ED42518BA4600038559 /* StartTutorialView.swift */; };
		B756AEC82530E47200DBBB17 /* AddFactView.swift in Sources */ = {isa = PBXBuildFile; fileRef = B756AEC72530E47200DBBB17 /* AddFactView.swift */; };
		B756AED62537012000DBBB17 /* ProfilFactView.swift in Sources */ = {isa = PBXBuildFile; fileRef = B756AED52537012000DBBB17 /* ProfilFactView.swift */; };
		B756AEDB2537029800DBBB17 /* SmallFactCard.swift in Sources */ = {isa = PBXBuildFile; fileRef = B756AEDA2537029800DBBB17 /* SmallFactCard.swift */; };
		B75949AF253DC5B800B4CD61 /* ProfilSpende.swift in Sources */ = {isa = PBXBuildFile; fileRef = B75949AE253DC5B700B4CD61 /* ProfilSpende.swift */; };
		B7598B6824A8009A000436B8 /* UserData.swift in Sources */ = {isa = PBXBuildFile; fileRef = B7598B6724A8009A000436B8 /* UserData.swift */; };
		B7598B6A24A803B8000436B8 /* UserDataStore.swift in Sources */ = {isa = PBXBuildFile; fileRef = B7598B6924A803B8000436B8 /* UserDataStore.swift */; };
		B7598B6C24A8BF1B000436B8 /* ProfilEntwicklung.swift in Sources */ = {isa = PBXBuildFile; fileRef = B7598B6B24A8BF1B000436B8 /* ProfilEntwicklung.swift */; };
		B7598B6E24A8C22B000436B8 /* ProfilEinstellungen.swift in Sources */ = {isa = PBXBuildFile; fileRef = B7598B6D24A8C22B000436B8 /* ProfilEinstellungen.swift */; };
		B75B04ED258179CA00398412 /* TippUICollectionViewController.swift in Sources */ = {isa = PBXBuildFile; fileRef = B75B04EC258179CA00398412 /* TippUICollectionViewController.swift */; };
		B75B04F5258179F800398412 /* UIScrollViewViewController.swift in Sources */ = {isa = PBXBuildFile; fileRef = B75B04F4258179F800398412 /* UIScrollViewViewController.swift */; };
		B75B04FD2581ADD200398412 /* FactUICollectionViewController.swift in Sources */ = {isa = PBXBuildFile; fileRef = B75B04FC2581ADD200398412 /* FactUICollectionViewController.swift */; };
		B762F584251AC119001050A1 /* ProfilData.swift in Sources */ = {isa = PBXBuildFile; fileRef = B762F583251AC118001050A1 /* ProfilData.swift */; };
		B762F589251B3685001050A1 /* loadingWhite.json in Resources */ = {isa = PBXBuildFile; fileRef = B762F588251B3685001050A1 /* loadingWhite.json */; };
		B7649E312490F3AB0079984A /* TippController.swift in Sources */ = {isa = PBXBuildFile; fileRef = B7649E302490F3AB0079984A /* TippController.swift */; };
		B7649E33249105540079984A /* TippView.swift in Sources */ = {isa = PBXBuildFile; fileRef = B7649E32249105540079984A /* TippView.swift */; };
		B77C7E0D252A369E00677C12 /* FeedbackView.swift in Sources */ = {isa = PBXBuildFile; fileRef = B77C7E0C252A369E00677C12 /* FeedbackView.swift */; };
		B784696A248D0A21000A4331 /* AddTippCard3.swift in Sources */ = {isa = PBXBuildFile; fileRef = B7846969248D0A21000A4331 /* AddTippCard3.swift */; };
		B784696C248D25BD000A4331 /* KeyboardResponder.swift in Sources */ = {isa = PBXBuildFile; fileRef = B784696B248D25BD000A4331 /* KeyboardResponder.swift */; };
		B784696E248D2C13000A4331 /* AddTippCard4.swift in Sources */ = {isa = PBXBuildFile; fileRef = B784696D248D2C13000A4331 /* AddTippCard4.swift */; };
		B7846970248D2E28000A4331 /* AddTippCard5.swift in Sources */ = {isa = PBXBuildFile; fileRef = B784696F248D2E28000A4331 /* AddTippCard5.swift */; };
		B7846972248D7B6C000A4331 /* TippDataStore.swift in Sources */ = {isa = PBXBuildFile; fileRef = B7846971248D7B6C000A4331 /* TippDataStore.swift */; };
		B7874C07249A48CA0045D609 /* LevelView.swift in Sources */ = {isa = PBXBuildFile; fileRef = B7874C06249A48CA0045D609 /* LevelView.swift */; };
		B7874C0B249D3E8C0045D609 /* ProfilTippView.swift in Sources */ = {isa = PBXBuildFile; fileRef = B7874C0A249D3E8C0045D609 /* ProfilTippView.swift */; };
		B7874C0E249D48FB0045D609 /* ProfilHomeView.swift in Sources */ = {isa = PBXBuildFile; fileRef = B7874C0D249D48FB0045D609 /* ProfilHomeView.swift */; };
		B7874C13249E84F50045D609 /* EntwicklungTabView.swift in Sources */ = {isa = PBXBuildFile; fileRef = B7874C12249E84F50045D609 /* EntwicklungTabView.swift */; };
		B7874C19249E96B10045D609 /* EntwicklungGraphView.swift in Sources */ = {isa = PBXBuildFile; fileRef = B7874C18249E96B10045D609 /* EntwicklungGraphView.swift */; };
		B7874C1C249EA28C0045D609 /* AddTagebuchCard1.swift in Sources */ = {isa = PBXBuildFile; fileRef = B7874C1B249EA28C0045D609 /* AddTagebuchCard1.swift */; };
		B7919AEF24981BBD00014240 /* success.json in Resources */ = {isa = PBXBuildFile; fileRef = B7919AEE24981BBD00014240 /* success.json */; };
		B7919AF224981C1900014240 /* Lottie in Frameworks */ = {isa = PBXBuildFile; productRef = B7919AF124981C1900014240 /* Lottie */; };
		B7919AF424981C5B00014240 /* LottieView.swift in Sources */ = {isa = PBXBuildFile; fileRef = B7919AF324981C5B00014240 /* LottieView.swift */; };
		B7919AF624981E3F00014240 /* SuccessView.swift in Sources */ = {isa = PBXBuildFile; fileRef = B7919AF524981E3F00014240 /* SuccessView.swift */; };
		B7934861252F136A00D8FC25 /* ProfilProfil.swift in Sources */ = {isa = PBXBuildFile; fileRef = B7934860252F136A00D8FC25 /* ProfilProfil.swift */; };
		B79598682540410B005761E0 /* LottieTest.swift in Sources */ = {isa = PBXBuildFile; fileRef = B79598672540410B005761E0 /* LottieTest.swift */; };
		B795986D25404192005761E0 /* errorCircle.json in Resources */ = {isa = PBXBuildFile; fileRef = B795986C25404192005761E0 /* errorCircle.json */; };
		B795987225404387005761E0 /* error.json in Resources */ = {isa = PBXBuildFile; fileRef = B795987125404387005761E0 /* error.json */; };
		B7A8CBDC242C10C50036FD6E /* AppDelegate.swift in Sources */ = {isa = PBXBuildFile; fileRef = B7A8CBDB242C10C50036FD6E /* AppDelegate.swift */; };
		B7A8CBDE242C10C50036FD6E /* SceneDelegate.swift in Sources */ = {isa = PBXBuildFile; fileRef = B7A8CBDD242C10C50036FD6E /* SceneDelegate.swift */; };
		B7A8CBE0242C10C50036FD6E /* ContentView.swift in Sources */ = {isa = PBXBuildFile; fileRef = B7A8CBDF242C10C50036FD6E /* ContentView.swift */; };
		B7A8CBE2242C10C80036FD6E /* Assets.xcassets in Resources */ = {isa = PBXBuildFile; fileRef = B7A8CBE1242C10C80036FD6E /* Assets.xcassets */; };
		B7A8CBE5242C10C80036FD6E /* Preview Assets.xcassets in Resources */ = {isa = PBXBuildFile; fileRef = B7A8CBE4242C10C80036FD6E /* Preview Assets.xcassets */; };
		B7A8CBE8242C10C80036FD6E /* LaunchScreen.storyboard in Resources */ = {isa = PBXBuildFile; fileRef = B7A8CBE6242C10C80036FD6E /* LaunchScreen.storyboard */; };
		B7A8CBF3242C10C80036FD6E /* iosappTests.swift in Sources */ = {isa = PBXBuildFile; fileRef = B7A8CBF2242C10C80036FD6E /* iosappTests.swift */; };
		B7A8CBFE242C10C80036FD6E /* iosappUITests.swift in Sources */ = {isa = PBXBuildFile; fileRef = B7A8CBFD242C10C80036FD6E /* iosappUITests.swift */; };
		B7B4D9BA249EB4690055708E /* AddTagebuchCard2.swift in Sources */ = {isa = PBXBuildFile; fileRef = B7B4D9B9249EB4690055708E /* AddTagebuchCard2.swift */; };
		B7B4D9BE249FC7990055708E /* ChallengeView.swift in Sources */ = {isa = PBXBuildFile; fileRef = B7B4D9BD249FC7990055708E /* ChallengeView.swift */; };
		B7B50CE7250C150400DD2FE6 /* FactData.swift in Sources */ = {isa = PBXBuildFile; fileRef = B7B50CE6250C150400DD2FE6 /* FactData.swift */; };
		B7B50CE9250C160200DD2FE6 /* FactCardList.swift in Sources */ = {isa = PBXBuildFile; fileRef = B7B50CE8250C160200DD2FE6 /* FactCardList.swift */; };
		B7B50CEB250C170200DD2FE6 /* FactCard.swift in Sources */ = {isa = PBXBuildFile; fileRef = B7B50CEA250C170200DD2FE6 /* FactCard.swift */; };
		B7B50CED250E57AC00DD2FE6 /* SmallTippCard.swift in Sources */ = {isa = PBXBuildFile; fileRef = B7B50CEC250E57AC00DD2FE6 /* SmallTippCard.swift */; };
		B7B50CEF250F9AD500DD2FE6 /* TippCard2.swift in Sources */ = {isa = PBXBuildFile; fileRef = B7B50CEE250F9AD500DD2FE6 /* TippCard2.swift */; };
		B7B50CF12510D5F700DD2FE6 /* QuelleView.swift in Sources */ = {isa = PBXBuildFile; fileRef = B7B50CF02510D5F700DD2FE6 /* QuelleView.swift */; };
		B7C19F63250967D100E0D77D /* FactView.swift in Sources */ = {isa = PBXBuildFile; fileRef = B7C19F62250967D100E0D77D /* FactView.swift */; };
		B7C19F6525096F6000E0D77D /* WebLinkView.swift in Sources */ = {isa = PBXBuildFile; fileRef = B7C19F6425096F6000E0D77D /* WebLinkView.swift */; };
		B7C2285324AD1DC60075360D /* AddTagebuchCard3.swift in Sources */ = {isa = PBXBuildFile; fileRef = B7C2285224AD1DC60075360D /* AddTagebuchCard3.swift */; };
		B7C2285524AD20750075360D /* AddTagebuchCard4.swift in Sources */ = {isa = PBXBuildFile; fileRef = B7C2285424AD20750075360D /* AddTagebuchCard4.swift */; };
		B7C2285724AD22540075360D /* AddTagebuchCard5.swift in Sources */ = {isa = PBXBuildFile; fileRef = B7C2285624AD22540075360D /* AddTagebuchCard5.swift */; };
		B7C2285924AD24E20075360D /* AddTagebuchCard6.swift in Sources */ = {isa = PBXBuildFile; fileRef = B7C2285824AD24E20075360D /* AddTagebuchCard6.swift */; };
		B7C2285B24AD26510075360D /* AddTagebuchCard7.swift in Sources */ = {isa = PBXBuildFile; fileRef = B7C2285A24AD26510075360D /* AddTagebuchCard7.swift */; };
		B7C2285D24AE05AD0075360D /* AddTagebuchSuccess.swift in Sources */ = {isa = PBXBuildFile; fileRef = B7C2285C24AE05AC0075360D /* AddTagebuchSuccess.swift */; };
		B7C655CE24B349F400A79DBE /* swipe.json in Resources */ = {isa = PBXBuildFile; fileRef = B7C655CD24B349F300A79DBE /* swipe.json */; };
		B7C655D024B3509200A79DBE /* loading.json in Resources */ = {isa = PBXBuildFile; fileRef = B7C655CF24B3509200A79DBE /* loading.json */; };
		B7C655D224B3515800A79DBE /* loading2.json in Resources */ = {isa = PBXBuildFile; fileRef = B7C655D124B3515700A79DBE /* loading2.json */; };
		B7CB3F28243A6D6600E4A0C7 /* TippData.swift in Sources */ = {isa = PBXBuildFile; fileRef = B7CB3F27243A6D6600E4A0C7 /* TippData.swift */; };
		B7CF0F6D2497C02C00595EB2 /* RateTippData.swift in Sources */ = {isa = PBXBuildFile; fileRef = B7CF0F6C2497C02C00595EB2 /* RateTippData.swift */; };
		B7CF0F6F2497C0C300595EB2 /* RateTippDataStore.swift in Sources */ = {isa = PBXBuildFile; fileRef = B7CF0F6E2497C0C300595EB2 /* RateTippDataStore.swift */; };
		B7CF27B6249035DA009058E8 /* RateTippView.swift in Sources */ = {isa = PBXBuildFile; fileRef = B7CF27B5249035DA009058E8 /* RateTippView.swift */; };
		B7DB1E2924AA0FC600F28B07 /* AllTippData.swift in Sources */ = {isa = PBXBuildFile; fileRef = B7DB1E2824AA0FC600F28B07 /* AllTippData.swift */; };
		B7DB1E2B24AA100E00F28B07 /* AllTippDataStore.swift in Sources */ = {isa = PBXBuildFile; fileRef = B7DB1E2A24AA100E00F28B07 /* AllTippDataStore.swift */; };
		B7DB1E2D24AA138E00F28B07 /* ProfilFilter.swift in Sources */ = {isa = PBXBuildFile; fileRef = B7DB1E2C24AA138E00F28B07 /* ProfilFilter.swift */; };
		B7F0492C24C4FAA600FA1C88 /* loadingCircle.json in Resources */ = {isa = PBXBuildFile; fileRef = B7F0492B24C4FAA600FA1C88 /* loadingCircle.json */; };
/* End PBXBuildFile section */

/* Begin PBXContainerItemProxy section */
		B7A8CBEF242C10C80036FD6E /* PBXContainerItemProxy */ = {
			isa = PBXContainerItemProxy;
			containerPortal = B7A8CBD0242C10C50036FD6E /* Project object */;
			proxyType = 1;
			remoteGlobalIDString = B7A8CBD7242C10C50036FD6E;
			remoteInfo = iosapp;
		};
		B7A8CBFA242C10C80036FD6E /* PBXContainerItemProxy */ = {
			isa = PBXContainerItemProxy;
			containerPortal = B7A8CBD0242C10C50036FD6E /* Project object */;
			proxyType = 1;
			remoteGlobalIDString = B7A8CBD7242C10C50036FD6E;
			remoteInfo = iosapp;
		};
/* End PBXContainerItemProxy section */

/* Begin PBXFileReference section */
		B701FFC924B21EC800207606 /* TagebuchEntwicklung.swift */ = {isa = PBXFileReference; lastKnownFileType = sourcecode.swift; path = TagebuchEntwicklung.swift; sourceTree = "<group>"; };
		B701FFCB24B25FA600207606 /* ChallengeData.swift */ = {isa = PBXFileReference; lastKnownFileType = sourcecode.swift; path = ChallengeData.swift; sourceTree = "<group>"; };
		B701FFCD24B2607700207606 /* ChallengeDataStore.swift */ = {isa = PBXFileReference; lastKnownFileType = sourcecode.swift; path = ChallengeDataStore.swift; sourceTree = "<group>"; };
		B701FFD024B2612C00207606 /* ChallengeCardList.swift */ = {isa = PBXFileReference; lastKnownFileType = sourcecode.swift; path = ChallengeCardList.swift; sourceTree = "<group>"; };
		B701FFD224B2620C00207606 /* ChallengeCard.swift */ = {isa = PBXFileReference; lastKnownFileType = sourcecode.swift; path = ChallengeCard.swift; sourceTree = "<group>"; };
		B7024FA725309FA600DC37B8 /* RateFactView.swift */ = {isa = PBXFileReference; lastKnownFileType = sourcecode.swift; path = RateFactView.swift; sourceTree = "<group>"; };
		B70BF79E2487EA8000B4C911 /* ProfilView.swift */ = {isa = PBXFileReference; lastKnownFileType = sourcecode.swift; path = ProfilView.swift; sourceTree = "<group>"; };
		B70BF7A02487EAC200B4C911 /* TagebuchView.swift */ = {isa = PBXFileReference; lastKnownFileType = sourcecode.swift; path = TagebuchView.swift; sourceTree = "<group>"; };
		B71158732523B51300E6B5B7 /* KeyboardResponderIOS14.swift */ = {isa = PBXFileReference; lastKnownFileType = sourcecode.swift; path = KeyboardResponderIOS14.swift; sourceTree = "<group>"; };
		B722BE5F257D89E4001C66AE /* HostingTableViewCell.swift */ = {isa = PBXFileReference; lastKnownFileType = sourcecode.swift; path = HostingTableViewCell.swift; sourceTree = "<group>"; };
		B722BE64257EA674001C66AE /* TestTippCard.swift */ = {isa = PBXFileReference; lastKnownFileType = sourcecode.swift; path = TestTippCard.swift; sourceTree = "<group>"; };
		B7252189248FDF9C00C43507 /* TippCardList.swift */ = {isa = PBXFileReference; lastKnownFileType = sourcecode.swift; path = TippCardList.swift; sourceTree = "<group>"; };
		B7301FE025387BC10017C5F2 /* SourceTextView.swift */ = {isa = PBXFileReference; lastKnownFileType = sourcecode.swift; path = SourceTextView.swift; sourceTree = "<group>"; };
		B74727C024B268B300775E16 /* ProfilChallengeView.swift */ = {isa = PBXFileReference; lastKnownFileType = sourcecode.swift; path = ProfilChallengeView.swift; sourceTree = "<group>"; };
		B747581B251E26D300E7131B /* AddTagebuchView.swift */ = {isa = PBXFileReference; lastKnownFileType = sourcecode.swift; path = AddTagebuchView.swift; sourceTree = "<group>"; };
		B7481A38248AC9B900C4CCF1 /* AddTippView.swift */ = {isa = PBXFileReference; lastKnownFileType = sourcecode.swift; path = AddTippView.swift; sourceTree = "<group>"; };
		B7494058248CF9E700933A37 /* AddTippCard2.swift */ = {isa = PBXFileReference; lastKnownFileType = sourcecode.swift; path = AddTippCard2.swift; sourceTree = "<group>"; };
		B7504ED42518BA4600038559 /* StartTutorialView.swift */ = {isa = PBXFileReference; lastKnownFileType = sourcecode.swift; path = StartTutorialView.swift; sourceTree = "<group>"; };
		B756AEC72530E47200DBBB17 /* AddFactView.swift */ = {isa = PBXFileReference; lastKnownFileType = sourcecode.swift; path = AddFactView.swift; sourceTree = "<group>"; };
		B756AED52537012000DBBB17 /* ProfilFactView.swift */ = {isa = PBXFileReference; lastKnownFileType = sourcecode.swift; path = ProfilFactView.swift; sourceTree = "<group>"; };
		B756AEDA2537029800DBBB17 /* SmallFactCard.swift */ = {isa = PBXFileReference; lastKnownFileType = sourcecode.swift; path = SmallFactCard.swift; sourceTree = "<group>"; };
		B75949AE253DC5B700B4CD61 /* ProfilSpende.swift */ = {isa = PBXFileReference; lastKnownFileType = sourcecode.swift; path = ProfilSpende.swift; sourceTree = "<group>"; };
		B7598B6724A8009A000436B8 /* UserData.swift */ = {isa = PBXFileReference; lastKnownFileType = sourcecode.swift; path = UserData.swift; sourceTree = "<group>"; };
		B7598B6924A803B8000436B8 /* UserDataStore.swift */ = {isa = PBXFileReference; lastKnownFileType = sourcecode.swift; path = UserDataStore.swift; sourceTree = "<group>"; };
		B7598B6B24A8BF1B000436B8 /* ProfilEntwicklung.swift */ = {isa = PBXFileReference; lastKnownFileType = sourcecode.swift; path = ProfilEntwicklung.swift; sourceTree = "<group>"; };
		B7598B6D24A8C22B000436B8 /* ProfilEinstellungen.swift */ = {isa = PBXFileReference; lastKnownFileType = sourcecode.swift; path = ProfilEinstellungen.swift; sourceTree = "<group>"; };
		B75B04EC258179CA00398412 /* TippUICollectionViewController.swift */ = {isa = PBXFileReference; lastKnownFileType = sourcecode.swift; path = TippUICollectionViewController.swift; sourceTree = "<group>"; };
		B75B04F4258179F800398412 /* UIScrollViewViewController.swift */ = {isa = PBXFileReference; lastKnownFileType = sourcecode.swift; path = UIScrollViewViewController.swift; sourceTree = "<group>"; };
		B75B04FC2581ADD200398412 /* FactUICollectionViewController.swift */ = {isa = PBXFileReference; lastKnownFileType = sourcecode.swift; path = FactUICollectionViewController.swift; sourceTree = "<group>"; };
		B762F583251AC118001050A1 /* ProfilData.swift */ = {isa = PBXFileReference; lastKnownFileType = sourcecode.swift; path = ProfilData.swift; sourceTree = "<group>"; };
		B762F588251B3685001050A1 /* loadingWhite.json */ = {isa = PBXFileReference; fileEncoding = 4; lastKnownFileType = text.json; path = loadingWhite.json; sourceTree = "<group>"; };
		B7649E302490F3AB0079984A /* TippController.swift */ = {isa = PBXFileReference; lastKnownFileType = sourcecode.swift; path = TippController.swift; sourceTree = "<group>"; };
		B7649E32249105540079984A /* TippView.swift */ = {isa = PBXFileReference; lastKnownFileType = sourcecode.swift; path = TippView.swift; sourceTree = "<group>"; };
		B77C7E0C252A369E00677C12 /* FeedbackView.swift */ = {isa = PBXFileReference; lastKnownFileType = sourcecode.swift; path = FeedbackView.swift; sourceTree = "<group>"; };
		B7846969248D0A21000A4331 /* AddTippCard3.swift */ = {isa = PBXFileReference; lastKnownFileType = sourcecode.swift; path = AddTippCard3.swift; sourceTree = "<group>"; };
		B784696B248D25BD000A4331 /* KeyboardResponder.swift */ = {isa = PBXFileReference; lastKnownFileType = sourcecode.swift; path = KeyboardResponder.swift; sourceTree = "<group>"; };
		B784696D248D2C13000A4331 /* AddTippCard4.swift */ = {isa = PBXFileReference; lastKnownFileType = sourcecode.swift; path = AddTippCard4.swift; sourceTree = "<group>"; };
		B784696F248D2E28000A4331 /* AddTippCard5.swift */ = {isa = PBXFileReference; lastKnownFileType = sourcecode.swift; path = AddTippCard5.swift; sourceTree = "<group>"; };
		B7846971248D7B6C000A4331 /* TippDataStore.swift */ = {isa = PBXFileReference; lastKnownFileType = sourcecode.swift; path = TippDataStore.swift; sourceTree = "<group>"; };
		B7874C06249A48CA0045D609 /* LevelView.swift */ = {isa = PBXFileReference; lastKnownFileType = sourcecode.swift; path = LevelView.swift; sourceTree = "<group>"; };
		B7874C0A249D3E8C0045D609 /* ProfilTippView.swift */ = {isa = PBXFileReference; lastKnownFileType = sourcecode.swift; path = ProfilTippView.swift; sourceTree = "<group>"; };
		B7874C0D249D48FB0045D609 /* ProfilHomeView.swift */ = {isa = PBXFileReference; lastKnownFileType = sourcecode.swift; path = ProfilHomeView.swift; sourceTree = "<group>"; };
		B7874C12249E84F50045D609 /* EntwicklungTabView.swift */ = {isa = PBXFileReference; lastKnownFileType = sourcecode.swift; path = EntwicklungTabView.swift; sourceTree = "<group>"; };
		B7874C18249E96B10045D609 /* EntwicklungGraphView.swift */ = {isa = PBXFileReference; lastKnownFileType = sourcecode.swift; path = EntwicklungGraphView.swift; sourceTree = "<group>"; };
		B7874C1B249EA28C0045D609 /* AddTagebuchCard1.swift */ = {isa = PBXFileReference; lastKnownFileType = sourcecode.swift; path = AddTagebuchCard1.swift; sourceTree = "<group>"; };
		B7919AEE24981BBD00014240 /* success.json */ = {isa = PBXFileReference; fileEncoding = 4; lastKnownFileType = text.json; path = success.json; sourceTree = "<group>"; };
		B7919AF324981C5B00014240 /* LottieView.swift */ = {isa = PBXFileReference; lastKnownFileType = sourcecode.swift; path = LottieView.swift; sourceTree = "<group>"; };
		B7919AF524981E3F00014240 /* SuccessView.swift */ = {isa = PBXFileReference; lastKnownFileType = sourcecode.swift; path = SuccessView.swift; sourceTree = "<group>"; };
		B7934860252F136A00D8FC25 /* ProfilProfil.swift */ = {isa = PBXFileReference; lastKnownFileType = sourcecode.swift; path = ProfilProfil.swift; sourceTree = "<group>"; };
		B79598672540410B005761E0 /* LottieTest.swift */ = {isa = PBXFileReference; lastKnownFileType = sourcecode.swift; path = LottieTest.swift; sourceTree = "<group>"; };
		B795986C25404192005761E0 /* errorCircle.json */ = {isa = PBXFileReference; fileEncoding = 4; lastKnownFileType = text.json; path = errorCircle.json; sourceTree = "<group>"; };
		B795987125404387005761E0 /* error.json */ = {isa = PBXFileReference; fileEncoding = 4; lastKnownFileType = text.json; path = error.json; sourceTree = "<group>"; };
		B795987A25404809005761E0 /* de */ = {isa = PBXFileReference; lastKnownFileType = text.plist.strings; name = de; path = de.lproj/LaunchScreen.strings; sourceTree = "<group>"; };
		B7A8CBD8242C10C50036FD6E /* Sustainable Life.app */ = {isa = PBXFileReference; explicitFileType = wrapper.application; includeInIndex = 0; path = "Sustainable Life.app"; sourceTree = BUILT_PRODUCTS_DIR; };
		B7A8CBDB242C10C50036FD6E /* AppDelegate.swift */ = {isa = PBXFileReference; lastKnownFileType = sourcecode.swift; path = AppDelegate.swift; sourceTree = "<group>"; };
		B7A8CBDD242C10C50036FD6E /* SceneDelegate.swift */ = {isa = PBXFileReference; lastKnownFileType = sourcecode.swift; path = SceneDelegate.swift; sourceTree = "<group>"; };
		B7A8CBDF242C10C50036FD6E /* ContentView.swift */ = {isa = PBXFileReference; lastKnownFileType = sourcecode.swift; path = ContentView.swift; sourceTree = "<group>"; };
		B7A8CBE1242C10C80036FD6E /* Assets.xcassets */ = {isa = PBXFileReference; lastKnownFileType = folder.assetcatalog; path = Assets.xcassets; sourceTree = "<group>"; };
		B7A8CBE4242C10C80036FD6E /* Preview Assets.xcassets */ = {isa = PBXFileReference; lastKnownFileType = folder.assetcatalog; path = "Preview Assets.xcassets"; sourceTree = "<group>"; };
		B7A8CBE7242C10C80036FD6E /* Base */ = {isa = PBXFileReference; lastKnownFileType = file.storyboard; name = Base; path = Base.lproj/LaunchScreen.storyboard; sourceTree = "<group>"; };
		B7A8CBE9242C10C80036FD6E /* Info.plist */ = {isa = PBXFileReference; lastKnownFileType = text.plist.xml; path = Info.plist; sourceTree = "<group>"; };
		B7A8CBEE242C10C80036FD6E /* iosappTests.xctest */ = {isa = PBXFileReference; explicitFileType = wrapper.cfbundle; includeInIndex = 0; path = iosappTests.xctest; sourceTree = BUILT_PRODUCTS_DIR; };
		B7A8CBF2242C10C80036FD6E /* iosappTests.swift */ = {isa = PBXFileReference; lastKnownFileType = sourcecode.swift; path = iosappTests.swift; sourceTree = "<group>"; };
		B7A8CBF4242C10C80036FD6E /* Info.plist */ = {isa = PBXFileReference; lastKnownFileType = text.plist.xml; path = Info.plist; sourceTree = "<group>"; };
		B7A8CBF9242C10C80036FD6E /* iosappUITests.xctest */ = {isa = PBXFileReference; explicitFileType = wrapper.cfbundle; includeInIndex = 0; path = iosappUITests.xctest; sourceTree = BUILT_PRODUCTS_DIR; };
		B7A8CBFD242C10C80036FD6E /* iosappUITests.swift */ = {isa = PBXFileReference; lastKnownFileType = sourcecode.swift; path = iosappUITests.swift; sourceTree = "<group>"; };
		B7A8CBFF242C10C80036FD6E /* Info.plist */ = {isa = PBXFileReference; lastKnownFileType = text.plist.xml; path = Info.plist; sourceTree = "<group>"; };
		B7B4D9B9249EB4690055708E /* AddTagebuchCard2.swift */ = {isa = PBXFileReference; lastKnownFileType = sourcecode.swift; path = AddTagebuchCard2.swift; sourceTree = "<group>"; };
		B7B4D9BD249FC7990055708E /* ChallengeView.swift */ = {isa = PBXFileReference; lastKnownFileType = sourcecode.swift; path = ChallengeView.swift; sourceTree = "<group>"; };
		B7B50CE6250C150400DD2FE6 /* FactData.swift */ = {isa = PBXFileReference; lastKnownFileType = sourcecode.swift; path = FactData.swift; sourceTree = "<group>"; };
		B7B50CE8250C160200DD2FE6 /* FactCardList.swift */ = {isa = PBXFileReference; lastKnownFileType = sourcecode.swift; path = FactCardList.swift; sourceTree = "<group>"; };
		B7B50CEA250C170200DD2FE6 /* FactCard.swift */ = {isa = PBXFileReference; lastKnownFileType = sourcecode.swift; path = FactCard.swift; sourceTree = "<group>"; };
		B7B50CEC250E57AC00DD2FE6 /* SmallTippCard.swift */ = {isa = PBXFileReference; lastKnownFileType = sourcecode.swift; path = SmallTippCard.swift; sourceTree = "<group>"; };
		B7B50CEE250F9AD500DD2FE6 /* TippCard2.swift */ = {isa = PBXFileReference; lastKnownFileType = sourcecode.swift; path = TippCard2.swift; sourceTree = "<group>"; };
		B7B50CF02510D5F700DD2FE6 /* QuelleView.swift */ = {isa = PBXFileReference; lastKnownFileType = sourcecode.swift; path = QuelleView.swift; sourceTree = "<group>"; };
		B7C19F62250967D100E0D77D /* FactView.swift */ = {isa = PBXFileReference; lastKnownFileType = sourcecode.swift; path = FactView.swift; sourceTree = "<group>"; };
		B7C19F6425096F6000E0D77D /* WebLinkView.swift */ = {isa = PBXFileReference; lastKnownFileType = sourcecode.swift; path = WebLinkView.swift; sourceTree = "<group>"; };
		B7C2285224AD1DC60075360D /* AddTagebuchCard3.swift */ = {isa = PBXFileReference; lastKnownFileType = sourcecode.swift; path = AddTagebuchCard3.swift; sourceTree = "<group>"; };
		B7C2285424AD20750075360D /* AddTagebuchCard4.swift */ = {isa = PBXFileReference; lastKnownFileType = sourcecode.swift; path = AddTagebuchCard4.swift; sourceTree = "<group>"; };
		B7C2285624AD22540075360D /* AddTagebuchCard5.swift */ = {isa = PBXFileReference; lastKnownFileType = sourcecode.swift; path = AddTagebuchCard5.swift; sourceTree = "<group>"; };
		B7C2285824AD24E20075360D /* AddTagebuchCard6.swift */ = {isa = PBXFileReference; lastKnownFileType = sourcecode.swift; path = AddTagebuchCard6.swift; sourceTree = "<group>"; };
		B7C2285A24AD26510075360D /* AddTagebuchCard7.swift */ = {isa = PBXFileReference; lastKnownFileType = sourcecode.swift; path = AddTagebuchCard7.swift; sourceTree = "<group>"; };
		B7C2285C24AE05AC0075360D /* AddTagebuchSuccess.swift */ = {isa = PBXFileReference; lastKnownFileType = sourcecode.swift; path = AddTagebuchSuccess.swift; sourceTree = "<group>"; };
		B7C655CD24B349F300A79DBE /* swipe.json */ = {isa = PBXFileReference; fileEncoding = 4; lastKnownFileType = text.json; path = swipe.json; sourceTree = "<group>"; };
		B7C655CF24B3509200A79DBE /* loading.json */ = {isa = PBXFileReference; fileEncoding = 4; lastKnownFileType = text.json; path = loading.json; sourceTree = "<group>"; };
		B7C655D124B3515700A79DBE /* loading2.json */ = {isa = PBXFileReference; fileEncoding = 4; lastKnownFileType = text.json; path = loading2.json; sourceTree = "<group>"; };
		B7CB3F27243A6D6600E4A0C7 /* TippData.swift */ = {isa = PBXFileReference; lastKnownFileType = sourcecode.swift; path = TippData.swift; sourceTree = "<group>"; };
		B7CF0F6C2497C02C00595EB2 /* RateTippData.swift */ = {isa = PBXFileReference; lastKnownFileType = sourcecode.swift; path = RateTippData.swift; sourceTree = "<group>"; };
		B7CF0F6E2497C0C300595EB2 /* RateTippDataStore.swift */ = {isa = PBXFileReference; lastKnownFileType = sourcecode.swift; path = RateTippDataStore.swift; sourceTree = "<group>"; };
		B7CF27B5249035DA009058E8 /* RateTippView.swift */ = {isa = PBXFileReference; lastKnownFileType = sourcecode.swift; path = RateTippView.swift; sourceTree = "<group>"; };
		B7DB1E2824AA0FC600F28B07 /* AllTippData.swift */ = {isa = PBXFileReference; lastKnownFileType = sourcecode.swift; path = AllTippData.swift; sourceTree = "<group>"; };
		B7DB1E2A24AA100E00F28B07 /* AllTippDataStore.swift */ = {isa = PBXFileReference; lastKnownFileType = sourcecode.swift; path = AllTippDataStore.swift; sourceTree = "<group>"; };
		B7DB1E2C24AA138E00F28B07 /* ProfilFilter.swift */ = {isa = PBXFileReference; lastKnownFileType = sourcecode.swift; path = ProfilFilter.swift; sourceTree = "<group>"; };
		B7F0492B24C4FAA600FA1C88 /* loadingCircle.json */ = {isa = PBXFileReference; fileEncoding = 4; lastKnownFileType = text.json; path = loadingCircle.json; sourceTree = "<group>"; };
/* End PBXFileReference section */

/* Begin PBXFrameworksBuildPhase section */
		B7A8CBD5242C10C50036FD6E /* Frameworks */ = {
			isa = PBXFrameworksBuildPhase;
			buildActionMask = 2147483647;
			files = (
				B712CD14248973CD00A883A1 /* SwiftUIPager in Frameworks */,
				B7919AF224981C1900014240 /* Lottie in Frameworks */,
			);
			runOnlyForDeploymentPostprocessing = 0;
		};
		B7A8CBEB242C10C80036FD6E /* Frameworks */ = {
			isa = PBXFrameworksBuildPhase;
			buildActionMask = 2147483647;
			files = (
			);
			runOnlyForDeploymentPostprocessing = 0;
		};
		B7A8CBF6242C10C80036FD6E /* Frameworks */ = {
			isa = PBXFrameworksBuildPhase;
			buildActionMask = 2147483647;
			files = (
			);
			runOnlyForDeploymentPostprocessing = 0;
		};
/* End PBXFrameworksBuildPhase section */

/* Begin PBXGroup section */
		B701FFCF24B2610600207606 /* Challenges */ = {
			isa = PBXGroup;
			children = (
				B7B4D9BD249FC7990055708E /* ChallengeView.swift */,
				B701FFD024B2612C00207606 /* ChallengeCardList.swift */,
				B701FFD224B2620C00207606 /* ChallengeCard.swift */,
			);
			path = Challenges;
			sourceTree = "<group>";
		};
		B7494057248CF98400933A37 /* AddTipp */ = {
			isa = PBXGroup;
			children = (
				B7481A38248AC9B900C4CCF1 /* AddTippView.swift */,
				B7919AF524981E3F00014240 /* SuccessView.swift */,
				B7494058248CF9E700933A37 /* AddTippCard2.swift */,
				B7846969248D0A21000A4331 /* AddTippCard3.swift */,
				B784696D248D2C13000A4331 /* AddTippCard4.swift */,
				B784696F248D2E28000A4331 /* AddTippCard5.swift */,
			);
			name = AddTipp;
			sourceTree = "<group>";
		};
		B7649E3524912F4E0079984A /* Tipps */ = {
			isa = PBXGroup;
			children = (
				B7649E32249105540079984A /* TippView.swift */,
				B7B50CEE250F9AD500DD2FE6 /* TippCard2.swift */,
				B722BE64257EA674001C66AE /* TestTippCard.swift */,
				B7301FE025387BC10017C5F2 /* SourceTextView.swift */,
				B7B50CEC250E57AC00DD2FE6 /* SmallTippCard.swift */,
				B7252189248FDF9C00C43507 /* TippCardList.swift */,
				B75B04EC258179CA00398412 /* TippUICollectionViewController.swift */,
				B75B04F4258179F800398412 /* UIScrollViewViewController.swift */,
				B722BE5F257D89E4001C66AE /* HostingTableViewCell.swift */,
			);
			path = Tipps;
			sourceTree = "<group>";
		};
		B7874C0F249E84830045D609 /* Profil */ = {
			isa = PBXGroup;
			children = (
				B70BF79E2487EA8000B4C911 /* ProfilView.swift */,
				B7874C0D249D48FB0045D609 /* ProfilHomeView.swift */,
				B7874C0A249D3E8C0045D609 /* ProfilTippView.swift */,
				B756AED52537012000DBBB17 /* ProfilFactView.swift */,
				B74727C024B268B300775E16 /* ProfilChallengeView.swift */,
				B7598B6B24A8BF1B000436B8 /* ProfilEntwicklung.swift */,
				B7598B6D24A8C22B000436B8 /* ProfilEinstellungen.swift */,
				B75949AE253DC5B700B4CD61 /* ProfilSpende.swift */,
				B7934860252F136A00D8FC25 /* ProfilProfil.swift */,
				B77C7E0C252A369E00677C12 /* FeedbackView.swift */,
				B7DB1E2C24AA138E00F28B07 /* ProfilFilter.swift */,
				B762F583251AC118001050A1 /* ProfilData.swift */,
				B7874C12249E84F50045D609 /* EntwicklungTabView.swift */,
				B7874C18249E96B10045D609 /* EntwicklungGraphView.swift */,
			);
			path = Profil;
			sourceTree = "<group>";
		};
		B7874C1A249EA2610045D609 /* Tagebuch */ = {
			isa = PBXGroup;
			children = (
				B70BF7A02487EAC200B4C911 /* TagebuchView.swift */,
				B701FFC924B21EC800207606 /* TagebuchEntwicklung.swift */,
				B7B4D9B8249EB4550055708E /* AddTagebuch */,
			);
			path = Tagebuch;
			sourceTree = "<group>";
		};
		B7919AED24981BBC00014240 /* Lottie */ = {
			isa = PBXGroup;
			children = (
				B795987125404387005761E0 /* error.json */,
				B795986C25404192005761E0 /* errorCircle.json */,
				B762F588251B3685001050A1 /* loadingWhite.json */,
				B7F0492B24C4FAA600FA1C88 /* loadingCircle.json */,
				B7C655D124B3515700A79DBE /* loading2.json */,
				B7C655CF24B3509200A79DBE /* loading.json */,
				B7C655CD24B349F300A79DBE /* swipe.json */,
				B7919AEE24981BBD00014240 /* success.json */,
			);
			path = Lottie;
			sourceTree = "<group>";
		};
		B7A8CBCF242C10C50036FD6E = {
			isa = PBXGroup;
			children = (
				B7A8CBDA242C10C50036FD6E /* iosapp */,
				B7A8CBF1242C10C80036FD6E /* iosappTests */,
				B7A8CBFC242C10C80036FD6E /* iosappUITests */,
				B7A8CBD9242C10C50036FD6E /* Products */,
			);
			sourceTree = "<group>";
		};
		B7A8CBD9242C10C50036FD6E /* Products */ = {
			isa = PBXGroup;
			children = (
				B7A8CBD8242C10C50036FD6E /* Sustainable Life.app */,
				B7A8CBEE242C10C80036FD6E /* iosappTests.xctest */,
				B7A8CBF9242C10C80036FD6E /* iosappUITests.xctest */,
			);
			name = Products;
			sourceTree = "<group>";
		};
		B7A8CBDA242C10C50036FD6E /* iosapp */ = {
			isa = PBXGroup;
			children = (
				B7A8CBDB242C10C50036FD6E /* AppDelegate.swift */,
				B7A8CBDF242C10C50036FD6E /* ContentView.swift */,
				B7504ED42518BA4600038559 /* StartTutorialView.swift */,
				B7A8CBDD242C10C50036FD6E /* SceneDelegate.swift */,
				B7649E3524912F4E0079984A /* Tipps */,
				B7494057248CF98400933A37 /* AddTipp */,
				B7C19F61250967B500E0D77D /* Facts */,
				B7CF27B5249035DA009058E8 /* RateTippView.swift */,
				B7024FA725309FA600DC37B8 /* RateFactView.swift */,
				B7C19F6425096F6000E0D77D /* WebLinkView.swift */,
				B7B50CF02510D5F700DD2FE6 /* QuelleView.swift */,
				B701FFCF24B2610600207606 /* Challenges */,
				B7874C1A249EA2610045D609 /* Tagebuch */,
				B7874C0F249E84830045D609 /* Profil */,
				B7BF71BD2497CF76007A3A92 /* Data */,
				B7874C06249A48CA0045D609 /* LevelView.swift */,
				B7919AF324981C5B00014240 /* LottieView.swift */,
				B79598672540410B005761E0 /* LottieTest.swift */,
				B784696B248D25BD000A4331 /* KeyboardResponder.swift */,
				B71158732523B51300E6B5B7 /* KeyboardResponderIOS14.swift */,
				B7A8CBE1242C10C80036FD6E /* Assets.xcassets */,
				B7A8CBE6242C10C80036FD6E /* LaunchScreen.storyboard */,
				B7919AED24981BBC00014240 /* Lottie */,
				B7A8CBE9242C10C80036FD6E /* Info.plist */,
				B7A8CBE3242C10C80036FD6E /* Preview Content */,
			);
			path = iosapp;
			sourceTree = "<group>";
		};
		B7A8CBE3242C10C80036FD6E /* Preview Content */ = {
			isa = PBXGroup;
			children = (
				B7A8CBE4242C10C80036FD6E /* Preview Assets.xcassets */,
			);
			path = "Preview Content";
			sourceTree = "<group>";
		};
		B7A8CBF1242C10C80036FD6E /* iosappTests */ = {
			isa = PBXGroup;
			children = (
				B7A8CBF2242C10C80036FD6E /* iosappTests.swift */,
				B7A8CBF4242C10C80036FD6E /* Info.plist */,
			);
			path = iosappTests;
			sourceTree = "<group>";
		};
		B7A8CBFC242C10C80036FD6E /* iosappUITests */ = {
			isa = PBXGroup;
			children = (
				B7A8CBFD242C10C80036FD6E /* iosappUITests.swift */,
				B7A8CBFF242C10C80036FD6E /* Info.plist */,
			);
			path = iosappUITests;
			sourceTree = "<group>";
		};
		B7B4D9B8249EB4550055708E /* AddTagebuch */ = {
			isa = PBXGroup;
			children = (
				B747581B251E26D300E7131B /* AddTagebuchView.swift */,
				B7874C1B249EA28C0045D609 /* AddTagebuchCard1.swift */,
				B7B4D9B9249EB4690055708E /* AddTagebuchCard2.swift */,
				B7C2285224AD1DC60075360D /* AddTagebuchCard3.swift */,
				B7C2285424AD20750075360D /* AddTagebuchCard4.swift */,
				B7C2285624AD22540075360D /* AddTagebuchCard5.swift */,
				B7C2285824AD24E20075360D /* AddTagebuchCard6.swift */,
				B7C2285A24AD26510075360D /* AddTagebuchCard7.swift */,
				B7C2285C24AE05AC0075360D /* AddTagebuchSuccess.swift */,
			);
			path = AddTagebuch;
			sourceTree = "<group>";
		};
		B7BF71BD2497CF76007A3A92 /* Data */ = {
			isa = PBXGroup;
			children = (
				B7CF0F6E2497C0C300595EB2 /* RateTippDataStore.swift */,
				B7CF0F6C2497C02C00595EB2 /* RateTippData.swift */,
				B7DB1E2824AA0FC600F28B07 /* AllTippData.swift */,
				B7DB1E2A24AA100E00F28B07 /* AllTippDataStore.swift */,
				B7CB3F27243A6D6600E4A0C7 /* TippData.swift */,
				B7B50CE6250C150400DD2FE6 /* FactData.swift */,
				B701FFCB24B25FA600207606 /* ChallengeData.swift */,
				B701FFCD24B2607700207606 /* ChallengeDataStore.swift */,
				B7846971248D7B6C000A4331 /* TippDataStore.swift */,
				B7649E302490F3AB0079984A /* TippController.swift */,
				B7598B6724A8009A000436B8 /* UserData.swift */,
				B7598B6924A803B8000436B8 /* UserDataStore.swift */,
			);
			path = Data;
			sourceTree = "<group>";
		};
		B7C19F61250967B500E0D77D /* Facts */ = {
			isa = PBXGroup;
			children = (
				B756AEC72530E47200DBBB17 /* AddFactView.swift */,
				B7C19F62250967D100E0D77D /* FactView.swift */,
				B7B50CE8250C160200DD2FE6 /* FactCardList.swift */,
				B7B50CEA250C170200DD2FE6 /* FactCard.swift */,
				B756AEDA2537029800DBBB17 /* SmallFactCard.swift */,
				B75B04FC2581ADD200398412 /* FactUICollectionViewController.swift */,
			);
			path = Facts;
			sourceTree = "<group>";
		};
/* End PBXGroup section */

/* Begin PBXNativeTarget section */
		B7A8CBD7242C10C50036FD6E /* iosapp */ = {
			isa = PBXNativeTarget;
			buildConfigurationList = B7A8CC02242C10C80036FD6E /* Build configuration list for PBXNativeTarget "iosapp" */;
			buildPhases = (
				B7A8CBD4242C10C50036FD6E /* Sources */,
				B7A8CBD5242C10C50036FD6E /* Frameworks */,
				B7A8CBD6242C10C50036FD6E /* Resources */,
			);
			buildRules = (
			);
			dependencies = (
			);
			name = iosapp;
			packageProductDependencies = (
				B712CD13248973CD00A883A1 /* SwiftUIPager */,
				B7919AF124981C1900014240 /* Lottie */,
			);
			productName = iosapp;
			productReference = B7A8CBD8242C10C50036FD6E /* Sustainable Life.app */;
			productType = "com.apple.product-type.application";
		};
		B7A8CBED242C10C80036FD6E /* iosappTests */ = {
			isa = PBXNativeTarget;
			buildConfigurationList = B7A8CC05242C10C80036FD6E /* Build configuration list for PBXNativeTarget "iosappTests" */;
			buildPhases = (
				B7A8CBEA242C10C80036FD6E /* Sources */,
				B7A8CBEB242C10C80036FD6E /* Frameworks */,
				B7A8CBEC242C10C80036FD6E /* Resources */,
			);
			buildRules = (
			);
			dependencies = (
				B7A8CBF0242C10C80036FD6E /* PBXTargetDependency */,
			);
			name = iosappTests;
			productName = iosappTests;
			productReference = B7A8CBEE242C10C80036FD6E /* iosappTests.xctest */;
			productType = "com.apple.product-type.bundle.unit-test";
		};
		B7A8CBF8242C10C80036FD6E /* iosappUITests */ = {
			isa = PBXNativeTarget;
			buildConfigurationList = B7A8CC08242C10C80036FD6E /* Build configuration list for PBXNativeTarget "iosappUITests" */;
			buildPhases = (
				B7A8CBF5242C10C80036FD6E /* Sources */,
				B7A8CBF6242C10C80036FD6E /* Frameworks */,
				B7A8CBF7242C10C80036FD6E /* Resources */,
			);
			buildRules = (
			);
			dependencies = (
				B7A8CBFB242C10C80036FD6E /* PBXTargetDependency */,
			);
			name = iosappUITests;
			productName = iosappUITests;
			productReference = B7A8CBF9242C10C80036FD6E /* iosappUITests.xctest */;
			productType = "com.apple.product-type.bundle.ui-testing";
		};
/* End PBXNativeTarget section */

/* Begin PBXProject section */
		B7A8CBD0242C10C50036FD6E /* Project object */ = {
			isa = PBXProject;
			attributes = {
				LastSwiftUpdateCheck = 1140;
				LastUpgradeCheck = 1200;
				ORGANIZATIONNAME = "Bastian Schmalbach";
				TargetAttributes = {
					B7A8CBD7242C10C50036FD6E = {
						CreatedOnToolsVersion = 11.4;
					};
					B7A8CBED242C10C80036FD6E = {
						CreatedOnToolsVersion = 11.4;
						TestTargetID = B7A8CBD7242C10C50036FD6E;
					};
					B7A8CBF8242C10C80036FD6E = {
						CreatedOnToolsVersion = 11.4;
						TestTargetID = B7A8CBD7242C10C50036FD6E;
					};
				};
			};
			buildConfigurationList = B7A8CBD3242C10C50036FD6E /* Build configuration list for PBXProject "iosapp" */;
			compatibilityVersion = "Xcode 9.3";
			developmentRegion = en;
			hasScannedForEncodings = 0;
			knownRegions = (
				en,
				Base,
				de,
			);
			mainGroup = B7A8CBCF242C10C50036FD6E;
			packageReferences = (
				B712CD12248973CD00A883A1 /* XCRemoteSwiftPackageReference "SwiftUIPager" */,
				B7919AF024981C1900014240 /* XCRemoteSwiftPackageReference "lottie-ios" */,
			);
			productRefGroup = B7A8CBD9242C10C50036FD6E /* Products */;
			projectDirPath = "";
			projectRoot = "";
			targets = (
				B7A8CBD7242C10C50036FD6E /* iosapp */,
				B7A8CBED242C10C80036FD6E /* iosappTests */,
				B7A8CBF8242C10C80036FD6E /* iosappUITests */,
			);
		};
/* End PBXProject section */

/* Begin PBXResourcesBuildPhase section */
		B7A8CBD6242C10C50036FD6E /* Resources */ = {
			isa = PBXResourcesBuildPhase;
			buildActionMask = 2147483647;
			files = (
				B7C655CE24B349F400A79DBE /* swipe.json in Resources */,
				B7A8CBE8242C10C80036FD6E /* LaunchScreen.storyboard in Resources */,
				B7F0492C24C4FAA600FA1C88 /* loadingCircle.json in Resources */,
				B762F589251B3685001050A1 /* loadingWhite.json in Resources */,
				B7919AEF24981BBD00014240 /* success.json in Resources */,
				B7C655D024B3509200A79DBE /* loading.json in Resources */,
				B7C655D224B3515800A79DBE /* loading2.json in Resources */,
				B795987225404387005761E0 /* error.json in Resources */,
				B7A8CBE5242C10C80036FD6E /* Preview Assets.xcassets in Resources */,
				B795986D25404192005761E0 /* errorCircle.json in Resources */,
				B7A8CBE2242C10C80036FD6E /* Assets.xcassets in Resources */,
			);
			runOnlyForDeploymentPostprocessing = 0;
		};
		B7A8CBEC242C10C80036FD6E /* Resources */ = {
			isa = PBXResourcesBuildPhase;
			buildActionMask = 2147483647;
			files = (
			);
			runOnlyForDeploymentPostprocessing = 0;
		};
		B7A8CBF7242C10C80036FD6E /* Resources */ = {
			isa = PBXResourcesBuildPhase;
			buildActionMask = 2147483647;
			files = (
			);
			runOnlyForDeploymentPostprocessing = 0;
		};
/* End PBXResourcesBuildPhase section */

/* Begin PBXSourcesBuildPhase section */
		B7A8CBD4242C10C50036FD6E /* Sources */ = {
			isa = PBXSourcesBuildPhase;
			buildActionMask = 2147483647;
			files = (
				B722BE65257EA674001C66AE /* TestTippCard.swift in Sources */,
				B7649E33249105540079984A /* TippView.swift in Sources */,
				B7A8CBDC242C10C50036FD6E /* AppDelegate.swift in Sources */,
				B7C19F6525096F6000E0D77D /* WebLinkView.swift in Sources */,
				B75B04FD2581ADD200398412 /* FactUICollectionViewController.swift in Sources */,
				B7C2285324AD1DC60075360D /* AddTagebuchCard3.swift in Sources */,
				B7B50CEB250C170200DD2FE6 /* FactCard.swift in Sources */,
				B7874C0B249D3E8C0045D609 /* ProfilTippView.swift in Sources */,
				B7919AF624981E3F00014240 /* SuccessView.swift in Sources */,
				B7B50CE7250C150400DD2FE6 /* FactData.swift in Sources */,
				B7874C1C249EA28C0045D609 /* AddTagebuchCard1.swift in Sources */,
				B756AEDB2537029800DBBB17 /* SmallFactCard.swift in Sources */,
				B784696C248D25BD000A4331 /* KeyboardResponder.swift in Sources */,
				B7C2285B24AD26510075360D /* AddTagebuchCard7.swift in Sources */,
				B7846970248D2E28000A4331 /* AddTippCard5.swift in Sources */,
				B7598B6A24A803B8000436B8 /* UserDataStore.swift in Sources */,
				B75B04ED258179CA00398412 /* TippUICollectionViewController.swift in Sources */,
				B756AED62537012000DBBB17 /* ProfilFactView.swift in Sources */,
				B7598B6E24A8C22B000436B8 /* ProfilEinstellungen.swift in Sources */,
				B756AEC82530E47200DBBB17 /* AddFactView.swift in Sources */,
				B7CF0F6F2497C0C300595EB2 /* RateTippDataStore.swift in Sources */,
				B79598682540410B005761E0 /* LottieTest.swift in Sources */,
				B7934861252F136A00D8FC25 /* ProfilProfil.swift in Sources */,
				B7B50CF12510D5F700DD2FE6 /* QuelleView.swift in Sources */,
				B7DB1E2D24AA138E00F28B07 /* ProfilFilter.swift in Sources */,
				B784696E248D2C13000A4331 /* AddTippCard4.swift in Sources */,
				B7B4D9BA249EB4690055708E /* AddTagebuchCard2.swift in Sources */,
				B7C19F63250967D100E0D77D /* FactView.swift in Sources */,
				B725218A248FDF9C00C43507 /* TippCardList.swift in Sources */,
				B7874C19249E96B10045D609 /* EntwicklungGraphView.swift in Sources */,
				B7B50CED250E57AC00DD2FE6 /* SmallTippCard.swift in Sources */,
				B784696A248D0A21000A4331 /* AddTippCard3.swift in Sources */,
				B701FFD324B2620C00207606 /* ChallengeCard.swift in Sources */,
				B74727C124B268B300775E16 /* ProfilChallengeView.swift in Sources */,
				B71158742523B51500E6B5B7 /* KeyboardResponderIOS14.swift in Sources */,
				B722BE60257D89E4001C66AE /* HostingTableViewCell.swift in Sources */,
				B70BF79F2487EA8000B4C911 /* ProfilView.swift in Sources */,
				B7481A39248AC9B900C4CCF1 /* AddTippView.swift in Sources */,
				B7301FE125387BC10017C5F2 /* SourceTextView.swift in Sources */,
				B7C2285724AD22540075360D /* AddTagebuchCard5.swift in Sources */,
				B7024FA825309FA600DC37B8 /* RateFactView.swift in Sources */,
				B7649E312490F3AB0079984A /* TippController.swift in Sources */,
				B7598B6824A8009A000436B8 /* UserData.swift in Sources */,
				B7504ED52518BA4700038559 /* StartTutorialView.swift in Sources */,
				B701FFD124B2612C00207606 /* ChallengeCardList.swift in Sources */,
				B7C2285524AD20750075360D /* AddTagebuchCard4.swift in Sources */,
				B7C2285D24AE05AD0075360D /* AddTagebuchSuccess.swift in Sources */,
				B7A8CBDE242C10C50036FD6E /* SceneDelegate.swift in Sources */,
				B70BF7A12487EAC200B4C911 /* TagebuchView.swift in Sources */,
				B701FFCC24B25FA600207606 /* ChallengeData.swift in Sources */,
				B7494059248CF9E700933A37 /* AddTippCard2.swift in Sources */,
				B7874C07249A48CA0045D609 /* LevelView.swift in Sources */,
				B7874C0E249D48FB0045D609 /* ProfilHomeView.swift in Sources */,
				B75949AF253DC5B800B4CD61 /* ProfilSpende.swift in Sources */,
				B7DB1E2B24AA100E00F28B07 /* AllTippDataStore.swift in Sources */,
				B7CF0F6D2497C02C00595EB2 /* RateTippData.swift in Sources */,
				B701FFCE24B2607700207606 /* ChallengeDataStore.swift in Sources */,
				B75B04F5258179F800398412 /* UIScrollViewViewController.swift in Sources */,
				B7874C13249E84F50045D609 /* EntwicklungTabView.swift in Sources */,
				B7598B6C24A8BF1B000436B8 /* ProfilEntwicklung.swift in Sources */,
				B7919AF424981C5B00014240 /* LottieView.swift in Sources */,
				B77C7E0D252A369E00677C12 /* FeedbackView.swift in Sources */,
				B7A8CBE0242C10C50036FD6E /* ContentView.swift in Sources */,
				B7B50CE9250C160200DD2FE6 /* FactCardList.swift in Sources */,
				B7B4D9BE249FC7990055708E /* ChallengeView.swift in Sources */,
				B747581C251E26D400E7131B /* AddTagebuchView.swift in Sources */,
				B7CF27B6249035DA009058E8 /* RateTippView.swift in Sources */,
				B762F584251AC119001050A1 /* ProfilData.swift in Sources */,
				B7CB3F28243A6D6600E4A0C7 /* TippData.swift in Sources */,
				B7B50CEF250F9AD500DD2FE6 /* TippCard2.swift in Sources */,
				B7C2285924AD24E20075360D /* AddTagebuchCard6.swift in Sources */,
				B7DB1E2924AA0FC600F28B07 /* AllTippData.swift in Sources */,
				B701FFCA24B21EC800207606 /* TagebuchEntwicklung.swift in Sources */,
				B7846972248D7B6C000A4331 /* TippDataStore.swift in Sources */,
			);
			runOnlyForDeploymentPostprocessing = 0;
		};
		B7A8CBEA242C10C80036FD6E /* Sources */ = {
			isa = PBXSourcesBuildPhase;
			buildActionMask = 2147483647;
			files = (
				B7A8CBF3242C10C80036FD6E /* iosappTests.swift in Sources */,
			);
			runOnlyForDeploymentPostprocessing = 0;
		};
		B7A8CBF5242C10C80036FD6E /* Sources */ = {
			isa = PBXSourcesBuildPhase;
			buildActionMask = 2147483647;
			files = (
				B7A8CBFE242C10C80036FD6E /* iosappUITests.swift in Sources */,
			);
			runOnlyForDeploymentPostprocessing = 0;
		};
/* End PBXSourcesBuildPhase section */

/* Begin PBXTargetDependency section */
		B7A8CBF0242C10C80036FD6E /* PBXTargetDependency */ = {
			isa = PBXTargetDependency;
			target = B7A8CBD7242C10C50036FD6E /* iosapp */;
			targetProxy = B7A8CBEF242C10C80036FD6E /* PBXContainerItemProxy */;
		};
		B7A8CBFB242C10C80036FD6E /* PBXTargetDependency */ = {
			isa = PBXTargetDependency;
			target = B7A8CBD7242C10C50036FD6E /* iosapp */;
			targetProxy = B7A8CBFA242C10C80036FD6E /* PBXContainerItemProxy */;
		};
/* End PBXTargetDependency section */

/* Begin PBXVariantGroup section */
		B7A8CBE6242C10C80036FD6E /* LaunchScreen.storyboard */ = {
			isa = PBXVariantGroup;
			children = (
				B7A8CBE7242C10C80036FD6E /* Base */,
				B795987A25404809005761E0 /* de */,
			);
			name = LaunchScreen.storyboard;
			sourceTree = "<group>";
		};
/* End PBXVariantGroup section */

/* Begin XCBuildConfiguration section */
		B7A8CC00242C10C80036FD6E /* Debug */ = {
			isa = XCBuildConfiguration;
			buildSettings = {
				ALWAYS_SEARCH_USER_PATHS = NO;
				CLANG_ANALYZER_LOCALIZABILITY_NONLOCALIZED = YES;
				CLANG_ANALYZER_NONNULL = YES;
				CLANG_ANALYZER_NUMBER_OBJECT_CONVERSION = YES_AGGRESSIVE;
				CLANG_CXX_LANGUAGE_STANDARD = "gnu++14";
				CLANG_CXX_LIBRARY = "libc++";
				CLANG_ENABLE_MODULES = YES;
				CLANG_ENABLE_OBJC_ARC = YES;
				CLANG_ENABLE_OBJC_WEAK = YES;
				CLANG_WARN_BLOCK_CAPTURE_AUTORELEASING = YES;
				CLANG_WARN_BOOL_CONVERSION = YES;
				CLANG_WARN_COMMA = YES;
				CLANG_WARN_CONSTANT_CONVERSION = YES;
				CLANG_WARN_DEPRECATED_OBJC_IMPLEMENTATIONS = YES;
				CLANG_WARN_DIRECT_OBJC_ISA_USAGE = YES_ERROR;
				CLANG_WARN_DOCUMENTATION_COMMENTS = YES;
				CLANG_WARN_EMPTY_BODY = YES;
				CLANG_WARN_ENUM_CONVERSION = YES;
				CLANG_WARN_INFINITE_RECURSION = YES;
				CLANG_WARN_INT_CONVERSION = YES;
				CLANG_WARN_NON_LITERAL_NULL_CONVERSION = YES;
				CLANG_WARN_OBJC_IMPLICIT_RETAIN_SELF = YES;
				CLANG_WARN_OBJC_LITERAL_CONVERSION = YES;
				CLANG_WARN_OBJC_ROOT_CLASS = YES_ERROR;
				CLANG_WARN_QUOTED_INCLUDE_IN_FRAMEWORK_HEADER = YES;
				CLANG_WARN_RANGE_LOOP_ANALYSIS = YES;
				CLANG_WARN_STRICT_PROTOTYPES = YES;
				CLANG_WARN_SUSPICIOUS_MOVE = YES;
				CLANG_WARN_UNGUARDED_AVAILABILITY = YES_AGGRESSIVE;
				CLANG_WARN_UNREACHABLE_CODE = YES;
				CLANG_WARN__DUPLICATE_METHOD_MATCH = YES;
				COPY_PHASE_STRIP = NO;
				DEAD_CODE_STRIPPING = NO;
				DEBUG_INFORMATION_FORMAT = dwarf;
				ENABLE_STRICT_OBJC_MSGSEND = YES;
				ENABLE_TESTABILITY = YES;
				FRAMEWORK_SEARCH_PATHS = "$(SRCROOT)";
				GCC_C_LANGUAGE_STANDARD = gnu11;
				GCC_DYNAMIC_NO_PIC = NO;
				GCC_NO_COMMON_BLOCKS = YES;
				GCC_OPTIMIZATION_LEVEL = 0;
				GCC_PREPROCESSOR_DEFINITIONS = (
					"DEBUG=1",
					"$(inherited)",
				);
				GCC_WARN_64_TO_32_BIT_CONVERSION = YES;
				GCC_WARN_ABOUT_RETURN_TYPE = YES_ERROR;
				GCC_WARN_UNDECLARED_SELECTOR = YES;
				GCC_WARN_UNINITIALIZED_AUTOS = YES_AGGRESSIVE;
				GCC_WARN_UNUSED_FUNCTION = YES;
				GCC_WARN_UNUSED_VARIABLE = YES;
				IPHONEOS_DEPLOYMENT_TARGET = 13.4;
				MTL_ENABLE_DEBUG_INFO = INCLUDE_SOURCE;
				MTL_FAST_MATH = YES;
				ONLY_ACTIVE_ARCH = YES;
				SDKROOT = iphoneos;
				SWIFT_ACTIVE_COMPILATION_CONDITIONS = DEBUG;
				SWIFT_OPTIMIZATION_LEVEL = "-Onone";
			};
			name = Debug;
		};
		B7A8CC01242C10C80036FD6E /* Release */ = {
			isa = XCBuildConfiguration;
			buildSettings = {
				ALWAYS_SEARCH_USER_PATHS = NO;
				CLANG_ANALYZER_LOCALIZABILITY_NONLOCALIZED = YES;
				CLANG_ANALYZER_NONNULL = YES;
				CLANG_ANALYZER_NUMBER_OBJECT_CONVERSION = YES_AGGRESSIVE;
				CLANG_CXX_LANGUAGE_STANDARD = "gnu++14";
				CLANG_CXX_LIBRARY = "libc++";
				CLANG_ENABLE_MODULES = YES;
				CLANG_ENABLE_OBJC_ARC = YES;
				CLANG_ENABLE_OBJC_WEAK = YES;
				CLANG_WARN_BLOCK_CAPTURE_AUTORELEASING = YES;
				CLANG_WARN_BOOL_CONVERSION = YES;
				CLANG_WARN_COMMA = YES;
				CLANG_WARN_CONSTANT_CONVERSION = YES;
				CLANG_WARN_DEPRECATED_OBJC_IMPLEMENTATIONS = YES;
				CLANG_WARN_DIRECT_OBJC_ISA_USAGE = YES_ERROR;
				CLANG_WARN_DOCUMENTATION_COMMENTS = YES;
				CLANG_WARN_EMPTY_BODY = YES;
				CLANG_WARN_ENUM_CONVERSION = YES;
				CLANG_WARN_INFINITE_RECURSION = YES;
				CLANG_WARN_INT_CONVERSION = YES;
				CLANG_WARN_NON_LITERAL_NULL_CONVERSION = YES;
				CLANG_WARN_OBJC_IMPLICIT_RETAIN_SELF = YES;
				CLANG_WARN_OBJC_LITERAL_CONVERSION = YES;
				CLANG_WARN_OBJC_ROOT_CLASS = YES_ERROR;
				CLANG_WARN_QUOTED_INCLUDE_IN_FRAMEWORK_HEADER = YES;
				CLANG_WARN_RANGE_LOOP_ANALYSIS = YES;
				CLANG_WARN_STRICT_PROTOTYPES = YES;
				CLANG_WARN_SUSPICIOUS_MOVE = YES;
				CLANG_WARN_UNGUARDED_AVAILABILITY = YES_AGGRESSIVE;
				CLANG_WARN_UNREACHABLE_CODE = YES;
				CLANG_WARN__DUPLICATE_METHOD_MATCH = YES;
				COPY_PHASE_STRIP = NO;
				DEAD_CODE_STRIPPING = NO;
				DEBUG_INFORMATION_FORMAT = "dwarf-with-dsym";
				ENABLE_NS_ASSERTIONS = NO;
				ENABLE_STRICT_OBJC_MSGSEND = YES;
				FRAMEWORK_SEARCH_PATHS = "$(SRCROOT)";
				GCC_C_LANGUAGE_STANDARD = gnu11;
				GCC_NO_COMMON_BLOCKS = YES;
				GCC_WARN_64_TO_32_BIT_CONVERSION = YES;
				GCC_WARN_ABOUT_RETURN_TYPE = YES_ERROR;
				GCC_WARN_UNDECLARED_SELECTOR = YES;
				GCC_WARN_UNINITIALIZED_AUTOS = YES_AGGRESSIVE;
				GCC_WARN_UNUSED_FUNCTION = YES;
				GCC_WARN_UNUSED_VARIABLE = YES;
				IPHONEOS_DEPLOYMENT_TARGET = 13.4;
				MTL_ENABLE_DEBUG_INFO = NO;
				MTL_FAST_MATH = YES;
				SDKROOT = iphoneos;
				SWIFT_COMPILATION_MODE = wholemodule;
				SWIFT_OPTIMIZATION_LEVEL = "-O";
				VALIDATE_PRODUCT = YES;
			};
			name = Release;
		};
		B7A8CC03242C10C80036FD6E /* Debug */ = {
			isa = XCBuildConfiguration;
			buildSettings = {
				ASSETCATALOG_COMPILER_APPICON_NAME = AppIcon;
				CODE_SIGN_STYLE = Automatic;
				CURRENT_PROJECT_VERSION = 8;
				DEAD_CODE_STRIPPING = NO;
				DEVELOPMENT_ASSET_PATHS = "\"iosapp/Preview Content\"";
				DEVELOPMENT_TEAM = BU3T4Y74PR;
				ENABLE_PREVIEWS = YES;
				INFOPLIST_FILE = iosapp/Info.plist;
				IPHONEOS_DEPLOYMENT_TARGET = 13.4;
				LD_RUNPATH_SEARCH_PATHS = (
					"$(inherited)",
					"@executable_path/Frameworks",
				);
				MARKETING_VERSION = 1.2.1;
				PRODUCT_BUNDLE_IDENTIFIER = com.bastianschmalbach.sustainablelife;
				PRODUCT_NAME = "Sustainable Life";
				SWIFT_VERSION = 5.0;
				TARGETED_DEVICE_FAMILY = 1;
			};
			name = Debug;
		};
		B7A8CC04242C10C80036FD6E /* Release */ = {
			isa = XCBuildConfiguration;
			buildSettings = {
				ASSETCATALOG_COMPILER_APPICON_NAME = AppIcon;
				CODE_SIGN_STYLE = Automatic;
				CURRENT_PROJECT_VERSION = 8;
				DEAD_CODE_STRIPPING = NO;
				DEVELOPMENT_ASSET_PATHS = "\"iosapp/Preview Content\"";
				DEVELOPMENT_TEAM = BU3T4Y74PR;
				ENABLE_PREVIEWS = YES;
				INFOPLIST_FILE = iosapp/Info.plist;
				IPHONEOS_DEPLOYMENT_TARGET = 13.4;
				LD_RUNPATH_SEARCH_PATHS = (
					"$(inherited)",
					"@executable_path/Frameworks",
				);
				MARKETING_VERSION = 1.2.1;
				PRODUCT_BUNDLE_IDENTIFIER = com.bastianschmalbach.sustainablelife;
				PRODUCT_NAME = "Sustainable Life";
				SWIFT_VERSION = 5.0;
				TARGETED_DEVICE_FAMILY = 1;
			};
			name = Release;
		};
		B7A8CC06242C10C80036FD6E /* Debug */ = {
			isa = XCBuildConfiguration;
			buildSettings = {
				ALWAYS_EMBED_SWIFT_STANDARD_LIBRARIES = YES;
				BUNDLE_LOADER = "$(TEST_HOST)";
				CODE_SIGN_STYLE = Automatic;
				DEVELOPMENT_TEAM = BU3T4Y74PR;
				INFOPLIST_FILE = iosappTests/Info.plist;
				IPHONEOS_DEPLOYMENT_TARGET = 13.4;
				LD_RUNPATH_SEARCH_PATHS = (
					"$(inherited)",
					"@executable_path/Frameworks",
					"@loader_path/Frameworks",
				);
				PRODUCT_BUNDLE_IDENTIFIER = com.bastianschmalbach.iosappTests;
				PRODUCT_NAME = "$(TARGET_NAME)";
				SWIFT_VERSION = 5.0;
				TARGETED_DEVICE_FAMILY = "1,2";
				TEST_HOST = "$(BUILT_PRODUCTS_DIR)/iosapp.app/iosapp";
			};
			name = Debug;
		};
		B7A8CC07242C10C80036FD6E /* Release */ = {
			isa = XCBuildConfiguration;
			buildSettings = {
				ALWAYS_EMBED_SWIFT_STANDARD_LIBRARIES = YES;
				BUNDLE_LOADER = "$(TEST_HOST)";
				CODE_SIGN_STYLE = Automatic;
				DEVELOPMENT_TEAM = BU3T4Y74PR;
				INFOPLIST_FILE = iosappTests/Info.plist;
				IPHONEOS_DEPLOYMENT_TARGET = 13.4;
				LD_RUNPATH_SEARCH_PATHS = (
					"$(inherited)",
					"@executable_path/Frameworks",
					"@loader_path/Frameworks",
				);
				PRODUCT_BUNDLE_IDENTIFIER = com.bastianschmalbach.iosappTests;
				PRODUCT_NAME = "$(TARGET_NAME)";
				SWIFT_VERSION = 5.0;
				TARGETED_DEVICE_FAMILY = "1,2";
				TEST_HOST = "$(BUILT_PRODUCTS_DIR)/iosapp.app/iosapp";
			};
			name = Release;
		};
		B7A8CC09242C10C80036FD6E /* Debug */ = {
			isa = XCBuildConfiguration;
			buildSettings = {
				ALWAYS_EMBED_SWIFT_STANDARD_LIBRARIES = YES;
				CODE_SIGN_STYLE = Automatic;
				DEVELOPMENT_TEAM = BU3T4Y74PR;
				INFOPLIST_FILE = iosappUITests/Info.plist;
				LD_RUNPATH_SEARCH_PATHS = (
					"$(inherited)",
					"@executable_path/Frameworks",
					"@loader_path/Frameworks",
				);
				PRODUCT_BUNDLE_IDENTIFIER = com.bastianschmalbach.iosappUITests;
				PRODUCT_NAME = "$(TARGET_NAME)";
				SWIFT_VERSION = 5.0;
				TARGETED_DEVICE_FAMILY = "1,2";
				TEST_TARGET_NAME = iosapp;
			};
			name = Debug;
		};
		B7A8CC0A242C10C80036FD6E /* Release */ = {
			isa = XCBuildConfiguration;
			buildSettings = {
				ALWAYS_EMBED_SWIFT_STANDARD_LIBRARIES = YES;
				CODE_SIGN_STYLE = Automatic;
				DEVELOPMENT_TEAM = BU3T4Y74PR;
				INFOPLIST_FILE = iosappUITests/Info.plist;
				LD_RUNPATH_SEARCH_PATHS = (
					"$(inherited)",
					"@executable_path/Frameworks",
					"@loader_path/Frameworks",
				);
				PRODUCT_BUNDLE_IDENTIFIER = com.bastianschmalbach.iosappUITests;
				PRODUCT_NAME = "$(TARGET_NAME)";
				SWIFT_VERSION = 5.0;
				TARGETED_DEVICE_FAMILY = "1,2";
				TEST_TARGET_NAME = iosapp;
			};
			name = Release;
		};
/* End XCBuildConfiguration section */

/* Begin XCConfigurationList section */
		B7A8CBD3242C10C50036FD6E /* Build configuration list for PBXProject "iosapp" */ = {
			isa = XCConfigurationList;
			buildConfigurations = (
				B7A8CC00242C10C80036FD6E /* Debug */,
				B7A8CC01242C10C80036FD6E /* Release */,
			);
			defaultConfigurationIsVisible = 0;
			defaultConfigurationName = Release;
		};
		B7A8CC02242C10C80036FD6E /* Build configuration list for PBXNativeTarget "iosapp" */ = {
			isa = XCConfigurationList;
			buildConfigurations = (
				B7A8CC03242C10C80036FD6E /* Debug */,
				B7A8CC04242C10C80036FD6E /* Release */,
			);
			defaultConfigurationIsVisible = 0;
			defaultConfigurationName = Release;
		};
		B7A8CC05242C10C80036FD6E /* Build configuration list for PBXNativeTarget "iosappTests" */ = {
			isa = XCConfigurationList;
			buildConfigurations = (
				B7A8CC06242C10C80036FD6E /* Debug */,
				B7A8CC07242C10C80036FD6E /* Release */,
			);
			defaultConfigurationIsVisible = 0;
			defaultConfigurationName = Release;
		};
		B7A8CC08242C10C80036FD6E /* Build configuration list for PBXNativeTarget "iosappUITests" */ = {
			isa = XCConfigurationList;
			buildConfigurations = (
				B7A8CC09242C10C80036FD6E /* Debug */,
				B7A8CC0A242C10C80036FD6E /* Release */,
			);
			defaultConfigurationIsVisible = 0;
			defaultConfigurationName = Release;
		};
/* End XCConfigurationList section */

/* Begin XCRemoteSwiftPackageReference section */
		B712CD12248973CD00A883A1 /* XCRemoteSwiftPackageReference "SwiftUIPager" */ = {
			isa = XCRemoteSwiftPackageReference;
			repositoryURL = "https://github.com/fermoya/SwiftUIPager.git";
			requirement = {
				kind = upToNextMajorVersion;
				minimumVersion = 1.6.0;
			};
		};
		B7919AF024981C1900014240 /* XCRemoteSwiftPackageReference "lottie-ios" */ = {
			isa = XCRemoteSwiftPackageReference;
			repositoryURL = "https://github.com/airbnb/lottie-ios.git";
			requirement = {
				kind = upToNextMajorVersion;
				minimumVersion = 3.1.8;
			};
		};
/* End XCRemoteSwiftPackageReference section */

/* Begin XCSwiftPackageProductDependency section */
		B712CD13248973CD00A883A1 /* SwiftUIPager */ = {
			isa = XCSwiftPackageProductDependency;
			package = B712CD12248973CD00A883A1 /* XCRemoteSwiftPackageReference "SwiftUIPager" */;
			productName = SwiftUIPager;
		};
		B7919AF124981C1900014240 /* Lottie */ = {
			isa = XCSwiftPackageProductDependency;
			package = B7919AF024981C1900014240 /* XCRemoteSwiftPackageReference "lottie-ios" */;
			productName = Lottie;
		};
/* End XCSwiftPackageProductDependency section */
	};
	rootObject = B7A8CBD0242C10C50036FD6E /* Project object */;
}
